
Microsoft Visual Studio Solution File, Format Version 12.00
# Visual Studio Version 16
VisualStudioVersion = 16.0.28407.52
MinimumVisualStudioVersion = 10.0.40219.1
Project("{9A19103F-16F7-4668-BE54-9A1E7A4F7556}") = "BaseService1", "BaseService1\BaseService1.csproj", "{2A41EC9A-7149-4DDE-9DF6-C7C121760425}"
EndProject
Project("{FAE04EC0-301F-11D3-BF4B-00C04F79EFBC}") = "BaseService2", "BaseService2\BaseService2.csproj", "{DE5158C8-2B0C-4327-809D-B34D5C35CDA9}"
EndProject
Project("{FAE04EC0-301F-11D3-BF4B-00C04F79EFBC}") = "ClientService1", "ClientService1\ClientService1.csproj", "{F3FB7CE2-54B1-4346-BF18-C577EDCA4510}"
EndProject
Global
	GlobalSection(SolutionConfigurationPlatforms) = preSolution
		Debug|Any CPU = Debug|Any CPU
		Release|Any CPU = Release|Any CPU
	EndGlobalSection
	GlobalSection(ProjectConfigurationPlatforms) = postSolution
		{2A41EC9A-7149-4DDE-9DF6-C7C121760425}.Debug|Any CPU.ActiveCfg = Debug|Any CPU
		{2A41EC9A-7149-4DDE-9DF6-C7C121760425}.Debug|Any CPU.Build.0 = Debug|Any CPU
		{2A41EC9A-7149-4DDE-9DF6-C7C121760425}.Release|Any CPU.ActiveCfg = Release|Any CPU
		{2A41EC9A-7149-4DDE-9DF6-C7C121760425}.Release|Any CPU.Build.0 = Release|Any CPU
		{DE5158C8-2B0C-4327-809D-B34D5C35CDA9}.Debug|Any CPU.ActiveCfg = Debug|Any CPU
		{DE5158C8-2B0C-4327-809D-B34D5C35CDA9}.Debug|Any CPU.Build.0 = Debug|Any CPU
		{DE5158C8-2B0C-4327-809D-B34D5C35CDA9}.Release|Any CPU.ActiveCfg = Release|Any CPU
		{DE5158C8-2B0C-4327-809D-B34D5C35CDA9}.Release|Any CPU.Build.0 = Release|Any CPU
		{F3FB7CE2-54B1-4346-BF18-C577EDCA4510}.Debug|Any CPU.ActiveCfg = Debug|Any CPU
		{F3FB7CE2-54B1-4346-BF18-C577EDCA4510}.Debug|Any CPU.Build.0 = Debug|Any CPU
		{F3FB7CE2-54B1-4346-BF18-C577EDCA4510}.Release|Any CPU.ActiveCfg = Release|Any CPU
		{F3FB7CE2-54B1-4346-BF18-C577EDCA4510}.Release|Any CPU.Build.0 = Release|Any CPU
	EndGlobalSection
	GlobalSection(SolutionProperties) = preSolution
		HideSolutionNode = FALSE
	EndGlobalSection
	GlobalSection(ExtensibilityGlobals) = postSolution
		SolutionGuid = {F57E524E-4872-4F04-8F2A-DDEB25A7E1DA}
	EndGlobalSection
EndGlobal
